{
  "object": {
    "pins": [
      {
        "package": "CRuntime",
        "repositoryURL": "https://github.com/wickwirew/CRuntime.git",
        "state": {
          "branch": null,
          "revision": "8d0dd0ca3787d15682c1f44de3d298459870b121",
          "version": "1.0.0"
        }
      },
      {
        "package": "GraphQL",
        "repositoryURL": "git@github.com:SportlabsTechnology/GraphQL.git",
        "state": {
          "branch": null,
          "revision": "9d74c47a0f94758024f0f93ebd741908131fb1bf",
          "version": "0.5.4"
        }
      },
      {
        "package": "Runtime",
        "repositoryURL": "git@github.com:SportlabsTechnology/Runtime.git",
        "state": {
          "branch": null,
          "revision": "40cdfbad9650512507c060824e1c4e9fc2ca721d",
          "version": "1.1.0"
        }
      }
    ]
  },
  "version": 1
}
