{
  "object": {
    "pins": [
      {
        "package": "CRuntime",
        "repositoryURL": "https://github.com/wickwirew/CRuntime.git",
        "state": {
          "branch": null,
          "revision": "95f911318d8c885f6fc05e971471f94adfd39405",
          "version": "2.1.2"
        }
      },
      {
        "package": "GraphQL",
        "repositoryURL": "https://github.com/SportlabsTechnology/GraphQL.git",
        "state": {
          "branch": "preNIO-swift5",
          "revision": "d9ffda59226816d45fb3e0c47f7e1e13403a9749",
          "version": null
        }
      },
      {
        "package": "Runtime",
        "repositoryURL": "https://github.com/wickwirew/Runtime.git",
        "state": {
          "branch": "nested-struct-crash",
          "revision": "304fa5dec869e0c3862936f68846b3c59f00bc30",
          "version": null
        }
      }
    ]
  },
  "version": 1
}
