{
  "object": {
    "pins": [
      {
        "package": "CRuntime",
        "repositoryURL": "https://github.com/wickwirew/CRuntime.git",
        "state": {
          "branch": null,
          "revision": "95f911318d8c885f6fc05e971471f94adfd39405",
          "version": "2.1.2"
        }
      },
      {
        "package": "GraphQL",
        "repositoryURL": "https://github.com/SportlabsTechnology/GraphQL.git",
        "state": {
          "branch": "nio2",
          "revision": "0ac65370ee4d2c7a1599097701633084504f6e55",
          "version": null
        }
      },
      {
        "package": "Runtime",
        "repositoryURL": "https://github.com/wickwirew/Runtime.git",
        "state": {
          "branch": null,
          "revision": "c167476b07fe8cc65fdf064076a4081c3269d14a",
          "version": "2.1.0"
        }
      },
      {
        "package": "swift-nio",
        "repositoryURL": "https://github.com/apple/swift-nio.git",
        "state": {
          "branch": null,
          "revision": "6d3ca7e54e06a69d0f2612c2ce8bb8b7319085a4",
          "version": "2.26.0"
        }
      }
    ]
  },
  "version": 1
}
